
Microsoft Visual Studio Solution File, Format Version 12.00
# Visual Studio Version 16
VisualStudioVersion = 16.0.29009.5
MinimumVisualStudioVersion = 10.0.40219.1
Project("{2150E333-8FDC-42A3-9474-1A3956D46DE8}") = "src", "src", "{B7BEA822-3261-4497-B3E9-8C8341C9CF2B}"
EndProject
Project("{2150E333-8FDC-42A3-9474-1A3956D46DE8}") = "Presentations", "Presentations", "{309080C9-4D47-448B-8297-06858D6D87B4}"
EndProject
Project("{2150E333-8FDC-42A3-9474-1A3956D46DE8}") = "Libraries", "Libraries", "{515EAB67-7A5D-44E2-85FF-2AEAB74B1586}"
EndProject
Project("{2150E333-8FDC-42A3-9474-1A3956D46DE8}") = "Databases", "Databases", "{A86C7EE8-F6FD-4551-B7D4-AEC78C45D071}"
EndProject
Project("{2150E333-8FDC-42A3-9474-1A3956D46DE8}") = "Common", "Common", "{6AA04259-D029-4027-BB29-2CF741B686A8}"
EndProject
Project("{2150E333-8FDC-42A3-9474-1A3956D46DE8}") = "Domain", "Domain", "{8D98AD34-801B-437F-87ED-B8DB30D744E0}"
EndProject
Project("{2150E333-8FDC-42A3-9474-1A3956D46DE8}") = "Infrastructure", "Infrastructure", "{F12537D0-00CD-428B-8200-9A379DB4223C}"
EndProject
Project("{2150E333-8FDC-42A3-9474-1A3956D46DE8}") = "Services", "Services", "{CF0A1AC7-A78B-4BB0-9F5D-3747A2D2E9A4}"
EndProject
Project("{9A19103F-16F7-4668-BE54-9A1E7A4F7556}") = "WebApp.Restful", "WebApp.Restful\WebApp.Restful.csproj", "{D559611D-998A-42A2-8ABA-C3EA271BB4EC}"
EndProject
Project("{9A19103F-16F7-4668-BE54-9A1E7A4F7556}") = "WebApp.Common", "WebApp.Common\WebApp.Common.csproj", "{373EF140-F585-4D87-95F2-469ED2E9C8E1}"
EndProject
Project("{9A19103F-16F7-4668-BE54-9A1E7A4F7556}") = "WebApp.Data", "WebApp.Data\WebApp.Data.csproj", "{5B5E6C74-60BD-4362-9AFF-ACA4C852D753}"
EndProject
Project("{9A19103F-16F7-4668-BE54-9A1E7A4F7556}") = "WebApp.Data.Repositories", "WebApp.Data.Repositories\WebApp.Data.Repositories.csproj", "{8EDABADB-B22E-4635-B6E0-BA8EA365563B}"
EndProject
Project("{9A19103F-16F7-4668-BE54-9A1E7A4F7556}") = "WebApp.Services", "WebApp.Services\WebApp.Services.csproj", "{41003365-6C09-46DD-A81A-B3594CB70DA3}"
EndProject
Project("{9A19103F-16F7-4668-BE54-9A1E7A4F7556}") = "WebApp.Entities", "WebApp.Entities\WebApp.Entities.csproj", "{921C02E2-859F-4FD9-A627-DE3F8E4700F5}"
EndProject
Project("{9A19103F-16F7-4668-BE54-9A1E7A4F7556}") = "WebApp.DataTransferObjects", "WebApp.DataTransferObjects\WebApp.DataTransferObjects.csproj", "{2BB59B7E-C659-4DFC-BEF4-B9F45D36FF34}"
EndProject
Project("{00D1A9C2-B5F0-4AF3-8072-F6C62B433612}") = "WebApp.Database", "WebApp.Database\WebApp.Database.sqlproj", "{61AC6884-48C7-4AB1-99C8-304D576D48CF}"
EndProject
Global
	GlobalSection(SolutionConfigurationPlatforms) = preSolution
		Debug|Any CPU = Debug|Any CPU
		Release|Any CPU = Release|Any CPU
	EndGlobalSection
	GlobalSection(ProjectConfigurationPlatforms) = postSolution
		{D559611D-998A-42A2-8ABA-C3EA271BB4EC}.Debug|Any CPU.ActiveCfg = Debug|Any CPU
		{D559611D-998A-42A2-8ABA-C3EA271BB4EC}.Debug|Any CPU.Build.0 = Debug|Any CPU
		{D559611D-998A-42A2-8ABA-C3EA271BB4EC}.Release|Any CPU.ActiveCfg = Release|Any CPU
		{D559611D-998A-42A2-8ABA-C3EA271BB4EC}.Release|Any CPU.Build.0 = Release|Any CPU
		{373EF140-F585-4D87-95F2-469ED2E9C8E1}.Debug|Any CPU.ActiveCfg = Debug|Any CPU
		{373EF140-F585-4D87-95F2-469ED2E9C8E1}.Debug|Any CPU.Build.0 = Debug|Any CPU
		{373EF140-F585-4D87-95F2-469ED2E9C8E1}.Release|Any CPU.ActiveCfg = Release|Any CPU
		{373EF140-F585-4D87-95F2-469ED2E9C8E1}.Release|Any CPU.Build.0 = Release|Any CPU
		{5B5E6C74-60BD-4362-9AFF-ACA4C852D753}.Debug|Any CPU.ActiveCfg = Debug|Any CPU
		{5B5E6C74-60BD-4362-9AFF-ACA4C852D753}.Debug|Any CPU.Build.0 = Debug|Any CPU
		{5B5E6C74-60BD-4362-9AFF-ACA4C852D753}.Release|Any CPU.ActiveCfg = Release|Any CPU
		{5B5E6C74-60BD-4362-9AFF-ACA4C852D753}.Release|Any CPU.Build.0 = Release|Any CPU
		{8EDABADB-B22E-4635-B6E0-BA8EA365563B}.Debug|Any CPU.ActiveCfg = Debug|Any CPU
		{8EDABADB-B22E-4635-B6E0-BA8EA365563B}.Debug|Any CPU.Build.0 = Debug|Any CPU
		{8EDABADB-B22E-4635-B6E0-BA8EA365563B}.Release|Any CPU.ActiveCfg = Release|Any CPU
		{8EDABADB-B22E-4635-B6E0-BA8EA365563B}.Release|Any CPU.Build.0 = Release|Any CPU
		{41003365-6C09-46DD-A81A-B3594CB70DA3}.Debug|Any CPU.ActiveCfg = Debug|Any CPU
		{41003365-6C09-46DD-A81A-B3594CB70DA3}.Debug|Any CPU.Build.0 = Debug|Any CPU
		{41003365-6C09-46DD-A81A-B3594CB70DA3}.Release|Any CPU.ActiveCfg = Release|Any CPU
		{41003365-6C09-46DD-A81A-B3594CB70DA3}.Release|Any CPU.Build.0 = Release|Any CPU
		{921C02E2-859F-4FD9-A627-DE3F8E4700F5}.Debug|Any CPU.ActiveCfg = Debug|Any CPU
		{921C02E2-859F-4FD9-A627-DE3F8E4700F5}.Debug|Any CPU.Build.0 = Debug|Any CPU
		{921C02E2-859F-4FD9-A627-DE3F8E4700F5}.Release|Any CPU.ActiveCfg = Release|Any CPU
		{921C02E2-859F-4FD9-A627-DE3F8E4700F5}.Release|Any CPU.Build.0 = Release|Any CPU
		{2BB59B7E-C659-4DFC-BEF4-B9F45D36FF34}.Debug|Any CPU.ActiveCfg = Debug|Any CPU
		{2BB59B7E-C659-4DFC-BEF4-B9F45D36FF34}.Debug|Any CPU.Build.0 = Debug|Any CPU
		{2BB59B7E-C659-4DFC-BEF4-B9F45D36FF34}.Release|Any CPU.ActiveCfg = Release|Any CPU
		{2BB59B7E-C659-4DFC-BEF4-B9F45D36FF34}.Release|Any CPU.Build.0 = Release|Any CPU
		{61AC6884-48C7-4AB1-99C8-304D576D48CF}.Debug|Any CPU.ActiveCfg = Debug|Any CPU
		{61AC6884-48C7-4AB1-99C8-304D576D48CF}.Debug|Any CPU.Build.0 = Debug|Any CPU
		{61AC6884-48C7-4AB1-99C8-304D576D48CF}.Debug|Any CPU.Deploy.0 = Debug|Any CPU
		{61AC6884-48C7-4AB1-99C8-304D576D48CF}.Release|Any CPU.ActiveCfg = Release|Any CPU
		{61AC6884-48C7-4AB1-99C8-304D576D48CF}.Release|Any CPU.Build.0 = Release|Any CPU
		{61AC6884-48C7-4AB1-99C8-304D576D48CF}.Release|Any CPU.Deploy.0 = Release|Any CPU
	EndGlobalSection
	GlobalSection(SolutionProperties) = preSolution
		HideSolutionNode = FALSE
	EndGlobalSection
	GlobalSection(NestedProjects) = preSolution
		{309080C9-4D47-448B-8297-06858D6D87B4} = {B7BEA822-3261-4497-B3E9-8C8341C9CF2B}
		{515EAB67-7A5D-44E2-85FF-2AEAB74B1586} = {B7BEA822-3261-4497-B3E9-8C8341C9CF2B}
		{A86C7EE8-F6FD-4551-B7D4-AEC78C45D071} = {B7BEA822-3261-4497-B3E9-8C8341C9CF2B}
		{6AA04259-D029-4027-BB29-2CF741B686A8} = {515EAB67-7A5D-44E2-85FF-2AEAB74B1586}
		{8D98AD34-801B-437F-87ED-B8DB30D744E0} = {515EAB67-7A5D-44E2-85FF-2AEAB74B1586}
		{F12537D0-00CD-428B-8200-9A379DB4223C} = {515EAB67-7A5D-44E2-85FF-2AEAB74B1586}
		{CF0A1AC7-A78B-4BB0-9F5D-3747A2D2E9A4} = {515EAB67-7A5D-44E2-85FF-2AEAB74B1586}
		{D559611D-998A-42A2-8ABA-C3EA271BB4EC} = {309080C9-4D47-448B-8297-06858D6D87B4}
		{373EF140-F585-4D87-95F2-469ED2E9C8E1} = {6AA04259-D029-4027-BB29-2CF741B686A8}
		{5B5E6C74-60BD-4362-9AFF-ACA4C852D753} = {F12537D0-00CD-428B-8200-9A379DB4223C}
		{8EDABADB-B22E-4635-B6E0-BA8EA365563B} = {F12537D0-00CD-428B-8200-9A379DB4223C}
		{41003365-6C09-46DD-A81A-B3594CB70DA3} = {CF0A1AC7-A78B-4BB0-9F5D-3747A2D2E9A4}
		{921C02E2-859F-4FD9-A627-DE3F8E4700F5} = {8D98AD34-801B-437F-87ED-B8DB30D744E0}
		{2BB59B7E-C659-4DFC-BEF4-B9F45D36FF34} = {CF0A1AC7-A78B-4BB0-9F5D-3747A2D2E9A4}
		{61AC6884-48C7-4AB1-99C8-304D576D48CF} = {A86C7EE8-F6FD-4551-B7D4-AEC78C45D071}
	EndGlobalSection
	GlobalSection(ExtensibilityGlobals) = postSolution
		SolutionGuid = {8FE7773F-498E-4964-A6DF-E30AAEA3A1D4}
	EndGlobalSection
EndGlobal
